
Microsoft Visual Studio Solution File, Format Version 12.00
# Visual Studio 2013
VisualStudioVersion = 12.0.21005.1
MinimumVisualStudioVersion = 10.0.40219.1
Project("{FAE04EC0-301F-11D3-BF4B-00C04F79EFBC}") = "WebService", "WebService\WebService.csproj", "{7BEA30ED-1C6A-4C90-A55F-A8C46ECBA584}"
EndProject
Project("{FAE04EC0-301F-11D3-BF4B-00C04F79EFBC}") = "WebService.UnitTests", "WebService.UnitTests\WebService.UnitTests.csproj", "{813B62DE-7A80-4331-ADBF-259EE115DF53}"
EndProject
Global
	GlobalSection(SolutionConfigurationPlatforms) = preSolution
		Debug|Any CPU = Debug|Any CPU
		Debug|Mixed Platforms = Debug|Mixed Platforms
		Debug|x86 = Debug|x86
		Release|Any CPU = Release|Any CPU
		Release|Mixed Platforms = Release|Mixed Platforms
		Release|x86 = Release|x86
	EndGlobalSection
	GlobalSection(ProjectConfigurationPlatforms) = postSolution
		{7BEA30ED-1C6A-4C90-A55F-A8C46ECBA584}.Debug|Any CPU.ActiveCfg = Debug|Any CPU
		{7BEA30ED-1C6A-4C90-A55F-A8C46ECBA584}.Debug|Any CPU.Build.0 = Debug|Any CPU
		{7BEA30ED-1C6A-4C90-A55F-A8C46ECBA584}.Debug|Mixed Platforms.ActiveCfg = Debug|Any CPU
		{7BEA30ED-1C6A-4C90-A55F-A8C46ECBA584}.Debug|Mixed Platforms.Build.0 = Debug|Any CPU
		{7BEA30ED-1C6A-4C90-A55F-A8C46ECBA584}.Debug|x86.ActiveCfg = Debug|Any CPU
		{7BEA30ED-1C6A-4C90-A55F-A8C46ECBA584}.Release|Any CPU.ActiveCfg = Release|Any CPU
		{7BEA30ED-1C6A-4C90-A55F-A8C46ECBA584}.Release|Any CPU.Build.0 = Release|Any CPU
		{7BEA30ED-1C6A-4C90-A55F-A8C46ECBA584}.Release|Mixed Platforms.ActiveCfg = Release|Any CPU
		{7BEA30ED-1C6A-4C90-A55F-A8C46ECBA584}.Release|Mixed Platforms.Build.0 = Release|Any CPU
		{7BEA30ED-1C6A-4C90-A55F-A8C46ECBA584}.Release|x86.ActiveCfg = Release|Any CPU
		{813B62DE-7A80-4331-ADBF-259EE115DF53}.Debug|Any CPU.ActiveCfg = Debug|Any CPU
		{813B62DE-7A80-4331-ADBF-259EE115DF53}.Debug|Any CPU.Build.0 = Debug|Any CPU
		{813B62DE-7A80-4331-ADBF-259EE115DF53}.Debug|Mixed Platforms.ActiveCfg = Debug|Any CPU
		{813B62DE-7A80-4331-ADBF-259EE115DF53}.Debug|Mixed Platforms.Build.0 = Debug|Any CPU
		{813B62DE-7A80-4331-ADBF-259EE115DF53}.Debug|x86.ActiveCfg = Debug|Any CPU
		{813B62DE-7A80-4331-ADBF-259EE115DF53}.Release|Any CPU.ActiveCfg = Release|Any CPU
		{813B62DE-7A80-4331-ADBF-259EE115DF53}.Release|Any CPU.Build.0 = Release|Any CPU
		{813B62DE-7A80-4331-ADBF-259EE115DF53}.Release|Mixed Platforms.ActiveCfg = Release|Any CPU
		{813B62DE-7A80-4331-ADBF-259EE115DF53}.Release|Mixed Platforms.Build.0 = Release|Any CPU
		{813B62DE-7A80-4331-ADBF-259EE115DF53}.Release|x86.ActiveCfg = Release|Any CPU
	EndGlobalSection
	GlobalSection(SolutionProperties) = preSolution
		HideSolutionNode = FALSE
	EndGlobalSection
EndGlobal
